github.com/Masterminds/semver/v3 v3.1.1 h1:hLg3sBzpNErnxhQtUy/mmLR2I9foDujNK030IGemrRc=
github.com/Masterminds/semver/v3 v3.1.1/go.mod h1:VPu/7SZ7ePZ3QOrcuXROw5FAcLl4a0cBrbBpGY/8hQs=
github.com/aws/aws-cdk-go/awscdk/v2 v2.28.1 h1:YL37KHwnAt2TbpKaceH1GKISglsilFtyxfJNJBwYSp4=
github.com/aws/aws-cdk-go/awscdk/v2 v2.28.1/go.mod h1:EY8h/zcTgdfcg4YCjraAvbKnT8YWplL8mLQutTnIj+M=
github.com/aws/aws-cdk-go/awscdkappsyncalpha/v2 v2.28.1-alpha.0 h1:8ZP7d47nAhG0KtZThts9jZ3vBMABLzb2l7V/RT4m2ag=
github.com/aws/aws-cdk-go/awscdkappsyncalpha/v2 v2.28.1-alpha.0/go.mod h1:DacuDOgeLuBVZrAbkmxC3aOhFMcfYR4b1ap5AQ8jdnM=
github.com/aws/aws-cdk-go/awscdklambdagoalpha/v2 v2.28.1-alpha.0 h1:kPvXT2obO+LfOOq7H2JXRimDmIzu9XmpxlWHFiRTxA0=
github.com/aws/aws-cdk-go/awscdklambdagoalpha/v2 v2.28.1-alpha.0/go.mod h1:dSXTg98fcEbsxIt6q5b+HiRC8ocxOZDd8mtwTLiw8Qg=
github.com/aws/aws-sdk-go-v2 v1.14.0 h1:IzSYBJHu0ZdUi27kIW6xVrs0eSxI4AzwbenzfXhhVs4=
github.com/aws/aws-sdk-go-v2 v1.14.0/go.mod h1:ZA3Y8V0LrlWj63MQAnRHgKf/5QB//LSZCPNWlWrNGLU=
github.com/aws/constructs-go/constructs/v10 v10.1.33/go.mod h1:qbIG6z4lreP1aYvcZjAGx6fGTSAZtDdeo5p8XPWbMb0=
github.com/aws/constructs-go/constructs/v10 v10.1.42 h1:Zg7nsLwV850NgRvu/Drf67VQLDWrZLMjS61OaekXLvM=
github.com/aws/constructs-go/constructs/v10 v10.1.42/go.mod h1:bzi/H67zKyeYqPtYwukrmY4fqIvNOE9Ts9QsnXaahiM=
github.com/aws/jsii-runtime-go v1.60.0/go.mod h1:OPeobFzUctDjq8EXbRZbIphpzQg3lzMs8KH09xuHyk0=
github.com/aws/jsii-runtime-go v1.60.1/go.mod h1:OPeobFzUctDjq8EXbRZbIphpzQg3lzMs8KH09xuHyk0=
github.com/aws/jsii-runtime-go v1.61.0 h1:mK3dLs+KYSsFL8tx3/WbZ3Mi9xT+M4l8C41J7YBr9/4=
github.com/aws/jsii-runtime-go v1.61.0/go.mod h1:YUEgRT35HJwwzAHWLnjekEXHfyxNaEKESsU8XUlVeCs=
github.com/aws/smithy-go v1.11.0 h1:nOfSDwiiH232f90OuevPnAEQO5ZqH+xnn8uGVsvBCw4=
github.com/aws/smithy-go v1.11.0/go.mod h1:3xHYmszWVx2c0kIwQeEVf9uSm4fYZt67FBJnwub1bgM=
github.com/davecgh/go-spew v1.1.0/go.mod h1:J7Y8YcW2NihsgmVo/mv3lAwl/skON4iLHjSsI+c5H38=
github.com/davecgh/go-spew v1.1.1 h1:vj9j/u1bqnvCEfJOwUhtlOARqs3+rkHYY13jYWTU97c=
github.com/davecgh/go-spew v1.1.1/go.mod h1:J7Y8YcW2NihsgmVo/mv3lAwl/skON4iLHjSsI+c5H38=
github.com/google/go-cmp v0.5.7 h1:81/ik6ipDQS2aGcBfIN5dHDB36BwrStyeAQquSYCV4o=
github.com/google/go-cmp v0.5.7/go.mod h1:n+brtR0CgQNWTVd5ZUFpTBC8YFBDLK/h/bpaJ8/DtOE=
github.com/jmespath/go-jmespath v0.4.0/go.mod h1:T8mJZnbsbmF+m6zOOFylbeCJqk5+pHWvzYPziyZiYoo=
github.com/jmespath/go-jmespath/internal/testify v1.5.1/go.mod h1:L3OGu8Wl2/fWfCI6z80xFu9LTZmf1ZRjMHUOPmWr69U=
github.com/pmezard/go-difflib v1.0.0 h1:4DBwDE0NGyQoBHbLQYPwSUPoCMWR5BEzIk/f1lZbAQM=
github.com/pmezard/go-difflib v1.0.0/go.mod h1:iKH77koFhYxTK1pcRnkKkqfTogsbg7gZNVY4sRDYZ/4=
github.com/stretchr/objx v0.1.0/go.mod h1:HFkY916IF+rwdDfMAkV7OtwuqBVzrE8GR6GFx+wExME=
github.com/stretchr/testify v1.7.1/go.mod h1:6Fq8oRcR53rry900zMqJjRRixrwX3KX962/h/Wwjteg=
github.com/stretchr/testify v1.7.2 h1:4jaiDzPyXQvSd7D0EjG45355tLlV3VOECpq10pLC+8s=
github.com/stretchr/testify v1.7.2/go.mod h1:R6va5+xMeoiuVRoj+gSkQ7d3FALtqAAGI1FQKckRals=
golang.org/x/xerrors v0.0.0-20191204190536-9bdfabe68543/go.mod h1:I/5z698sn9Ka8TeJc9MKroUUfqBBauWjQqLJ2OPfmY0=
gopkg.in/check.v1 v0.0.0-20161208181325-20d25e280405/go.mod h1:Co6ibVJAznAaIkqp8huTwlJQCZ016jof/cbN4VW5Yz0=
gopkg.in/yaml.v2 v2.2.8/go.mod h1:hI93XBmqTisBFMUTm0b8Fm+jr3Dg1NNxqwp+5A1VGuI=
gopkg.in/yaml.v3 v3.0.0-20200313102051-9f266ea9e77c/go.mod h1:K4uyk7z7BCEPqu6E+C64Yfv1cQ7kz7rIZviUmN+EgEM=
gopkg.in/yaml.v3 v3.0.0-20210107192922-496545a6307b/go.mod h1:K4uyk7z7BCEPqu6E+C64Yfv1cQ7kz7rIZviUmN+EgEM=
gopkg.in/yaml.v3 v3.0.1 h1:fxVm/GzAzEWqLHuvctI91KS9hhNmmWOoWu0XTYJS7CA=
gopkg.in/yaml.v3 v3.0.1/go.mod h1:K4uyk7z7BCEPqu6E+C64Yfv1cQ7kz7rIZviUmN+EgEM=
